
Microsoft Visual Studio Solution File, Format Version 12.00
# Visual Studio Version 17
VisualStudioVersion = 17.0.31903.59
MinimumVisualStudioVersion = 10.0.40219.1
Project("{2150E333-8FDC-42A3-9474-1A3956D46DE8}") = "src", "src", "{0ADCCBAD-7621-47AA-81DB-F14D0F66D49A}"
EndProject
Project("{2150E333-8FDC-42A3-9474-1A3956D46DE8}") = "samples", "samples", "{D8F0474E-D51E-4A18-A514-D0BFD62C27A2}"
	ProjectSection(SolutionItems) = preProject
		samples\README.md = samples\README.md
	EndProjectSection
EndProject
Project("{9A19103F-16F7-4668-BE54-9A1E7A4F7556}") = "Elmah.Io.Functions.Isolated", "src\Elmah.Io.Functions.Isolated\Elmah.Io.Functions.Isolated.csproj", "{20903610-65E8-4BA0-9366-57909B4D28B8}"
EndProject
Project("{9A19103F-16F7-4668-BE54-9A1E7A4F7556}") = "Elmah.Io.Functions.Isolated.HttpTrigger60", "samples\Elmah.Io.Functions.Isolated.HttpTrigger60\Elmah.Io.Functions.Isolated.HttpTrigger60.csproj", "{4424C00C-C554-4165-9337-10C13AB5B297}"
EndProject
Project("{9A19103F-16F7-4668-BE54-9A1E7A4F7556}") = "Elmah.Io.Functions.Isolated.TimerTrigger60", "samples\Elmah.Io.Functions.Isolated.TimerTrigger60\Elmah.Io.Functions.Isolated.TimerTrigger60.csproj", "{276A5BA9-3153-4C47-8AA2-8DAC68D6C31A}"
EndProject
Project("{9A19103F-16F7-4668-BE54-9A1E7A4F7556}") = "Elmah.Io.Functions.Isolated.HttpTrigger70", "samples\Elmah.Io.Functions.Isolated.HttpTrigger70\Elmah.Io.Functions.Isolated.HttpTrigger70.csproj", "{80920715-331E-40C1-9EDF-770103DFBEB8}"
EndProject
Project("{2150E333-8FDC-42A3-9474-1A3956D46DE8}") = "test", "test", "{14CC4080-B202-4A92-8235-25685E95598F}"
EndProject
Project("{9A19103F-16F7-4668-BE54-9A1E7A4F7556}") = "Elmah.Io.Functions.Isolated.Test", "test\Elmah.Io.Functions.Isolated.Test\Elmah.Io.Functions.Isolated.Test.csproj", "{6BA2C665-AEED-4363-ADFD-6E99F5A8E384}"
EndProject
Project("{9A19103F-16F7-4668-BE54-9A1E7A4F7556}") = "Elmah.Io.Functions.Isolated.TimerTrigger60WithHeartbeat", "samples\Elmah.Io.Functions.Isolated.TimerTrigger60WithHeartbeat\Elmah.Io.Functions.Isolated.TimerTrigger60WithHeartbeat.csproj", "{453BBF36-2457-437D-8555-9265A1EE4BA1}"
EndProject
Global
	GlobalSection(SolutionConfigurationPlatforms) = preSolution
		Debug|Any CPU = Debug|Any CPU
		Release|Any CPU = Release|Any CPU
	EndGlobalSection
	GlobalSection(ProjectConfigurationPlatforms) = postSolution
		{20903610-65E8-4BA0-9366-57909B4D28B8}.Debug|Any CPU.ActiveCfg = Debug|Any CPU
		{20903610-65E8-4BA0-9366-57909B4D28B8}.Debug|Any CPU.Build.0 = Debug|Any CPU
		{20903610-65E8-4BA0-9366-57909B4D28B8}.Release|Any CPU.ActiveCfg = Release|Any CPU
		{20903610-65E8-4BA0-9366-57909B4D28B8}.Release|Any CPU.Build.0 = Release|Any CPU
		{4424C00C-C554-4165-9337-10C13AB5B297}.Debug|Any CPU.ActiveCfg = Debug|Any CPU
		{4424C00C-C554-4165-9337-10C13AB5B297}.Debug|Any CPU.Build.0 = Debug|Any CPU
		{4424C00C-C554-4165-9337-10C13AB5B297}.Release|Any CPU.ActiveCfg = Release|Any CPU
		{4424C00C-C554-4165-9337-10C13AB5B297}.Release|Any CPU.Build.0 = Release|Any CPU
		{276A5BA9-3153-4C47-8AA2-8DAC68D6C31A}.Debug|Any CPU.ActiveCfg = Debug|Any CPU
		{276A5BA9-3153-4C47-8AA2-8DAC68D6C31A}.Debug|Any CPU.Build.0 = Debug|Any CPU
		{276A5BA9-3153-4C47-8AA2-8DAC68D6C31A}.Release|Any CPU.ActiveCfg = Release|Any CPU
		{276A5BA9-3153-4C47-8AA2-8DAC68D6C31A}.Release|Any CPU.Build.0 = Release|Any CPU
		{80920715-331E-40C1-9EDF-770103DFBEB8}.Debug|Any CPU.ActiveCfg = Debug|Any CPU
		{80920715-331E-40C1-9EDF-770103DFBEB8}.Debug|Any CPU.Build.0 = Debug|Any CPU
		{80920715-331E-40C1-9EDF-770103DFBEB8}.Release|Any CPU.ActiveCfg = Release|Any CPU
		{80920715-331E-40C1-9EDF-770103DFBEB8}.Release|Any CPU.Build.0 = Release|Any CPU
		{6BA2C665-AEED-4363-ADFD-6E99F5A8E384}.Debug|Any CPU.ActiveCfg = Debug|Any CPU
		{6BA2C665-AEED-4363-ADFD-6E99F5A8E384}.Debug|Any CPU.Build.0 = Debug|Any CPU
		{6BA2C665-AEED-4363-ADFD-6E99F5A8E384}.Release|Any CPU.ActiveCfg = Release|Any CPU
		{6BA2C665-AEED-4363-ADFD-6E99F5A8E384}.Release|Any CPU.Build.0 = Release|Any CPU
		{453BBF36-2457-437D-8555-9265A1EE4BA1}.Debug|Any CPU.ActiveCfg = Debug|Any CPU
		{453BBF36-2457-437D-8555-9265A1EE4BA1}.Debug|Any CPU.Build.0 = Debug|Any CPU
		{453BBF36-2457-437D-8555-9265A1EE4BA1}.Release|Any CPU.ActiveCfg = Release|Any CPU
		{453BBF36-2457-437D-8555-9265A1EE4BA1}.Release|Any CPU.Build.0 = Release|Any CPU
	EndGlobalSection
	GlobalSection(SolutionProperties) = preSolution
		HideSolutionNode = FALSE
	EndGlobalSection
	GlobalSection(NestedProjects) = preSolution
		{20903610-65E8-4BA0-9366-57909B4D28B8} = {0ADCCBAD-7621-47AA-81DB-F14D0F66D49A}
		{4424C00C-C554-4165-9337-10C13AB5B297} = {D8F0474E-D51E-4A18-A514-D0BFD62C27A2}
		{276A5BA9-3153-4C47-8AA2-8DAC68D6C31A} = {D8F0474E-D51E-4A18-A514-D0BFD62C27A2}
		{80920715-331E-40C1-9EDF-770103DFBEB8} = {D8F0474E-D51E-4A18-A514-D0BFD62C27A2}
		{6BA2C665-AEED-4363-ADFD-6E99F5A8E384} = {14CC4080-B202-4A92-8235-25685E95598F}
		{453BBF36-2457-437D-8555-9265A1EE4BA1} = {D8F0474E-D51E-4A18-A514-D0BFD62C27A2}
	EndGlobalSection
	GlobalSection(ExtensibilityGlobals) = postSolution
		SolutionGuid = {84E330D4-2E97-4CD9-B5F8-387CC2CC3B4D}
	EndGlobalSection
EndGlobal
